
Microsoft Visual Studio Solution File, Format Version 12.00
# Visual Studio Version 16
VisualStudioVersion = 16.0.30907.101
MinimumVisualStudioVersion = 10.0.40219.1
Project("{FAE04EC0-301F-11D3-BF4B-00C04F79EFBC}") = "A-level(06.02)", "A-level(06.02)\A-level(06.02).csproj", "{73A11813-3F76-4622-B3B7-7A523CEA7615}"
EndProject
Global
	GlobalSection(SolutionConfigurationPlatforms) = preSolution
		Debug|Any CPU = Debug|Any CPU
		Release|Any CPU = Release|Any CPU
	EndGlobalSection
	GlobalSection(ProjectConfigurationPlatforms) = postSolution
		{73A11813-3F76-4622-B3B7-7A523CEA7615}.Debug|Any CPU.ActiveCfg = Debug|Any CPU
		{73A11813-3F76-4622-B3B7-7A523CEA7615}.Debug|Any CPU.Build.0 = Debug|Any CPU
		{73A11813-3F76-4622-B3B7-7A523CEA7615}.Release|Any CPU.ActiveCfg = Release|Any CPU
		{73A11813-3F76-4622-B3B7-7A523CEA7615}.Release|Any CPU.Build.0 = Release|Any CPU
	EndGlobalSection
	GlobalSection(SolutionProperties) = preSolution
		HideSolutionNode = FALSE
	EndGlobalSection
	GlobalSection(ExtensibilityGlobals) = postSolution
		SolutionGuid = {A2FE8E48-06CF-4A0F-9B1A-D914EF146AD2}
	EndGlobalSection
EndGlobal
